
Microsoft Visual Studio Solution File, Format Version 12.00
# Visual Studio Version 16
VisualStudioVersion = 16.0.31205.134
MinimumVisualStudioVersion = 10.0.40219.1
Project("{FAE04EC0-301F-11D3-BF4B-00C04F79EFBC}") = "ActionsTest", "ActionsTest\ActionsTest.csproj", "{7720AEAC-4961-4C70-8D6D-EB6D575C0BF9}"
EndProject
Project("{FAE04EC0-301F-11D3-BF4B-00C04F79EFBC}") = "TestProject1", "TestProject1\TestProject1.csproj", "{107B21B4-82CB-4578-BA99-6CE55EC8DF69}"
EndProject
Project("{9A19103F-16F7-4668-BE54-9A1E7A4F7556}") = "_build", "build\_build.csproj", "{28B18D95-5572-4448-B38F-976E724E3F8A}"
EndProject
Global
	GlobalSection(SolutionConfigurationPlatforms) = preSolution
		Debug|Any CPU = Debug|Any CPU
		Release|Any CPU = Release|Any CPU
	EndGlobalSection
	GlobalSection(ProjectConfigurationPlatforms) = postSolution
		{28B18D95-5572-4448-B38F-976E724E3F8A}.Debug|Any CPU.ActiveCfg = Debug|Any CPU
		{28B18D95-5572-4448-B38F-976E724E3F8A}.Release|Any CPU.ActiveCfg = Release|Any CPU
		{7720AEAC-4961-4C70-8D6D-EB6D575C0BF9}.Debug|Any CPU.ActiveCfg = Debug|Any CPU
		{7720AEAC-4961-4C70-8D6D-EB6D575C0BF9}.Debug|Any CPU.Build.0 = Debug|Any CPU
		{7720AEAC-4961-4C70-8D6D-EB6D575C0BF9}.Release|Any CPU.ActiveCfg = Release|Any CPU
		{7720AEAC-4961-4C70-8D6D-EB6D575C0BF9}.Release|Any CPU.Build.0 = Release|Any CPU
		{107B21B4-82CB-4578-BA99-6CE55EC8DF69}.Debug|Any CPU.ActiveCfg = Debug|Any CPU
		{107B21B4-82CB-4578-BA99-6CE55EC8DF69}.Debug|Any CPU.Build.0 = Debug|Any CPU
		{107B21B4-82CB-4578-BA99-6CE55EC8DF69}.Release|Any CPU.ActiveCfg = Release|Any CPU
		{107B21B4-82CB-4578-BA99-6CE55EC8DF69}.Release|Any CPU.Build.0 = Release|Any CPU
	EndGlobalSection
	GlobalSection(SolutionProperties) = preSolution
		HideSolutionNode = FALSE
	EndGlobalSection
	GlobalSection(ExtensibilityGlobals) = postSolution
		SolutionGuid = {D60D9857-EB76-48A4-AD39-E770EA9A6D2E}
	EndGlobalSection
EndGlobal
